
Microsoft Visual Studio Solution File, Format Version 12.00
# Visual Studio Version 17
VisualStudioVersion = 17.4.33103.184
MinimumVisualStudioVersion = 10.0.40219.1
Project("{FAE04EC0-301F-11D3-BF4B-00C04F79EFBC}") = "Ex6", "Ex6.csproj", "{FE691109-F46B-4169-A174-F4FBE6AB7068}"
EndProject
Global
	GlobalSection(SolutionConfigurationPlatforms) = preSolution
		Debug|Any CPU = Debug|Any CPU
		Release|Any CPU = Release|Any CPU
	EndGlobalSection
	GlobalSection(ProjectConfigurationPlatforms) = postSolution
		{FE691109-F46B-4169-A174-F4FBE6AB7068}.Debug|Any CPU.ActiveCfg = Debug|Any CPU
		{FE691109-F46B-4169-A174-F4FBE6AB7068}.Debug|Any CPU.Build.0 = Debug|Any CPU
		{FE691109-F46B-4169-A174-F4FBE6AB7068}.Release|Any CPU.ActiveCfg = Release|Any CPU
		{FE691109-F46B-4169-A174-F4FBE6AB7068}.Release|Any CPU.Build.0 = Release|Any CPU
	EndGlobalSection
	GlobalSection(SolutionProperties) = preSolution
		HideSolutionNode = FALSE
	EndGlobalSection
	GlobalSection(ExtensibilityGlobals) = postSolution
		SolutionGuid = {40083475-4C2E-4AAB-ABF2-CE21AE1FB092}
	EndGlobalSection
EndGlobal
